# THIS IS AN AUTOGENERATED FILE. DO NOT EDIT THIS FILE DIRECTLY.
# yarn lockfile v1


"@ecies/ciphers@^0.2.6":
  version "0.2.6"
  resolved "https://registry.yarnpkg.com/@ecies/ciphers/-/ciphers-0.2.6.tgz#e7cdc4688de3c224e03d479e3227bcece44cbeab"
  integrity sha512-patgsRPKGkhhoBjETV4XxD0En4ui5fbX0hzayqI3M8tvNMGUoUvmyYAIWwlxBc1KX5cturfqByYdj5bYGRpN9g==

"@noble/ciphers@^1.3.0":
  version "1.3.0"
  resolved "https://registry.yarnpkg.com/@noble/ciphers/-/ciphers-1.3.0.tgz#f64b8ff886c240e644e5573c097f86e5b43676dc"
  integrity sha512-2I0gnIVPtfnMw9ee9h1dJG7tp81+8Ob3OJb3Mv37rx5L40/b0i7djjCVvGOVqc9AEIQyvyu1i6ypKdFw8R8gQw==

"@noble/curves@^1.9.7":
  version "1.9.7"
  resolved "https://registry.yarnpkg.com/@noble/curves/-/curves-1.9.7.tgz#79d04b4758a43e4bca2cbdc62e7771352fa6b951"
  integrity sha512-gbKGcRUYIjA3/zCCNaWDciTMFI0dCkvou3TL8Zmy5Nc7sJ47a0jtOeZoTaMxkuqRo9cRhjOdZJXegxYE5FN/xw==
  dependencies:
    "@noble/hashes" "1.8.0"

"@noble/hashes@1.8.0", "@noble/hashes@^1.8.0":
  version "1.8.0"
  resolved "https://registry.yarnpkg.com/@noble/hashes/-/hashes-1.8.0.tgz#cee43d801fcef9644b11b8194857695acd5f815a"
  integrity sha512-jCs9ldd7NwzpgXDIf6P3+NrHh9/sD6CQdxHyjQI+h/6rDNo88ypBxxz45UDuZHz9r3tNz7N/VInSVoVdtXEI4A==

"@supabase/cli-darwin-arm64@2.116.0":
  version "2.116.0"
  resolved "https://registry.yarnpkg.com/@supabase/cli-darwin-arm64/-/cli-darwin-arm64-2.116.0.tgz#49111826c784a4828a08c1d054927c5d132f2b07"
  integrity sha512-Mvfxf5q7oQ1KR59ndFFyGkh12IfwKH5ZOv7OWtHsFkBuwHtHiJgY6Zwd3w09tnat4spkpDTFavclBlLsOQnh2A==

"@supabase/cli-darwin-x64@2.116.0":
  version "2.116.0"
  resolved "https://registry.yarnpkg.com/@supabase/cli-darwin-x64/-/cli-darwin-x64-2.116.0.tgz#e5d14fc6cdd457b7aaa24cc64807b79c8c116508"
  integrity sha512-dxKmIPcVunC8sPTuU+eVWj2SOB5tLoRTE5FX6J/KMZhGH03khTn6ptHvaanZp0YwaACbm//uoffUlJKZrAgt0w==

"@supabase/cli-linux-arm64-musl@2.116.0":
  version "2.116.0"
  resolved "https://registry.yarnpkg.com/@supabase/cli-linux-arm64-musl/-/cli-linux-arm64-musl-2.116.0.tgz#7711bd9b8f1a002aba2a7ace09cb0f2afc61fe86"
  integrity sha512-6lYrbKFJT5NKbEKGBJTArEc1F3oMfWxnQeq8+RZ4wSLjCq4uwluh6+fzKCsLVxZgPOg4r+RZRqDdb+/cLi0yyg==

"@supabase/cli-linux-arm64@2.116.0":
  version "2.116.0"
  resolved "https://registry.yarnpkg.com/@supabase/cli-linux-arm64/-/cli-linux-arm64-2.116.0.tgz#a1d9e0033cf9fd58d4e80b33b345c74578057667"
  integrity sha512-ZmV96NQqcgx1MH4jWdfyqqjLghy57mRI5bysy6lM7MezsirQh+eXaOdWI0xCy7r7FA09k2fKLGh+r7r0X3mxBg==

"@supabase/cli-linux-x64-musl@2.116.0":
  version "2.116.0"
  resolved "https://registry.yarnpkg.com/@supabase/cli-linux-x64-musl/-/cli-linux-x64-musl-2.116.0.tgz#9b29c8b29e511bf48b53598b21cc65dd4d909447"
  integrity sha512-EtPJPHUvLHvXHkvZHAEr+i6w/bDVm5BOPD+09uXgUffsUbNAzfZ8r7Fb94+SfWI+dQwivw4WmijsX7tlx61Zcg==

"@supabase/cli-linux-x64@2.116.0":
  version "2.116.0"
  resolved "https://registry.yarnpkg.com/@supabase/cli-linux-x64/-/cli-linux-x64-2.116.0.tgz#a0616036bb401889cc6d09552df29c01b89d81c3"
  integrity sha512-o0PvHKyQSKEuC3jJqeV2qorgyMIFGDWQ1Bj+OXf0p80ddgktnJFlDElCU+VDKZkuwLC6vO/LMoBql34zFHzXhw==

"@supabase/cli-windows-arm64@2.116.0":
  version "2.116.0"
  resolved "https://registry.yarnpkg.com/@supabase/cli-windows-arm64/-/cli-windows-arm64-2.116.0.tgz#f554773975dd1d5e868f2cf99779c46e3650153f"
  integrity sha512-IiglNMXXssDiZbeSRvixYH7eYDDvhiEa2CrOSj419jO5vLrMKvzi1ATxe8E4i7MpKuI9S5U/3tA3rFlIMHtwrg==

"@supabase/cli-windows-x64@2.116.0":
  version "2.116.0"
  resolved "https://registry.yarnpkg.com/@supabase/cli-windows-x64/-/cli-windows-x64-2.116.0.tgz#0e0160656b1e515fc4f4a57225ce7c16e65fab03"
  integrity sha512-pz4zNDs3KCEx0l9JS9Xaiuzd5WXrISajVlBSxC5/2Jyo2+g+N/ftQJDYTHQ6Jir5fNelIqSHIXZelmGds14upw==

eciesjs@^0.5.0:
  version "0.5.0"
  resolved "https://registry.yarnpkg.com/eciesjs/-/eciesjs-0.5.0.tgz#01191700634ec0fdc0925053df3bc7e0359361c1"
  integrity sha512-s0J9SEVYAEPg7J63GFMApLYzPH9VNIQIyC6s15JpnqVc0TqcKWdbgFlnAweEBRyMmko2dcs2sfC83Hj4J43tuA==
  dependencies:
    "@ecies/ciphers" "^0.2.6"
    "@noble/ciphers" "^1.3.0"
    "@noble/curves" "^1.9.7"
    "@noble/hashes" "^1.8.0"

jose@^6.2.9:
  version "6.2.12"
  resolved "https://registry.yarnpkg.com/jose/-/jose-6.2.12.tgz#65663e146edd010b98ece83f81737d3aa95fd0d7"
  integrity sha512-9NiFmJEex0sy2Dk58j2UGBSHgUs2ypF9eZSu4L6vjOX3Dp96Sw1F3uL+H+D1sx02jZZdzUT0HgvCy59CuvXcWw==

supabase@^2.116.0:
  version "2.116.0"
  resolved "https://registry.yarnpkg.com/supabase/-/supabase-2.116.0.tgz#f3628bddff4aed857dba5bea5211908a39c16e03"
  integrity sha512-cMUHkpjBacq4oLGWnMM2HC2drmUlAlfN/PQb31RARoIdYJ8sqA0xONvqBR6yd5v7w8dXuCPwvfd4N1NTHjBKEw==
  dependencies:
    eciesjs "^0.5.0"
    jose "^6.2.9"
  optionalDependencies:
    "@supabase/cli-darwin-arm64" "2.116.0"
    "@supabase/cli-darwin-x64" "2.116.0"
    "@supabase/cli-linux-arm64" "2.116.0"
    "@supabase/cli-linux-arm64-musl" "2.116.0"
    "@supabase/cli-linux-x64" "2.116.0"
    "@supabase/cli-linux-x64-musl" "2.116.0"
    "@supabase/cli-windows-arm64" "2.116.0"
    "@supabase/cli-windows-x64" "2.116.0"
